
Microsoft Visual Studio Solution File, Format Version 12.00
Project("{FAE04EC0-301F-11D3-BF4B-00C04F79EFBC}") = "Integrations.RiskOfRain2", "Integrations.RiskOfRain2\Integrations.RiskOfRain2.csproj", "{288D4EB6-BEDD-463F-8DDF-74AB7DEE23B4}"
EndProject
Global
	GlobalSection(SolutionConfigurationPlatforms) = preSolution
		Debug|Any CPU = Debug|Any CPU
		Release|Any CPU = Release|Any CPU
	EndGlobalSection
	GlobalSection(ProjectConfigurationPlatforms) = postSolution
		{288D4EB6-BEDD-463F-8DDF-74AB7DEE23B4}.Debug|Any CPU.ActiveCfg = Debug|Any CPU
		{288D4EB6-BEDD-463F-8DDF-74AB7DEE23B4}.Debug|Any CPU.Build.0 = Debug|Any CPU
		{288D4EB6-BEDD-463F-8DDF-74AB7DEE23B4}.Release|Any CPU.ActiveCfg = Release|Any CPU
		{288D4EB6-BEDD-463F-8DDF-74AB7DEE23B4}.Release|Any CPU.Build.0 = Release|Any CPU
	EndGlobalSection
EndGlobal
